
Microsoft Visual Studio Solution File, Format Version 12.00
# Visual Studio Version 17
VisualStudioVersion = 17.1.32414.318
MinimumVisualStudioVersion = 10.0.40219.1
Project("{FAE04EC0-301F-11D3-BF4B-00C04F79EFBC}") = "Lab5", "Lab5\Lab5.csproj", "{BA23B232-9E0D-46D9-BA24-6F9F4D6742BE}"
EndProject
Project("{2150E333-8FDC-42A3-9474-1A3956D46DE8}") = "Solution Items", "Solution Items", "{26925A8A-03FF-4489-A919-39502EF81BB3}"
	ProjectSection(SolutionItems) = preProject
		.editorconfig = .editorconfig
	EndProjectSection
EndProject
Global
	GlobalSection(SolutionConfigurationPlatforms) = preSolution
		Debug|Any CPU = Debug|Any CPU
		Release|Any CPU = Release|Any CPU
	EndGlobalSection
	GlobalSection(ProjectConfigurationPlatforms) = postSolution
		{BA23B232-9E0D-46D9-BA24-6F9F4D6742BE}.Debug|Any CPU.ActiveCfg = Debug|Any CPU
		{BA23B232-9E0D-46D9-BA24-6F9F4D6742BE}.Debug|Any CPU.Build.0 = Debug|Any CPU
		{BA23B232-9E0D-46D9-BA24-6F9F4D6742BE}.Release|Any CPU.ActiveCfg = Release|Any CPU
		{BA23B232-9E0D-46D9-BA24-6F9F4D6742BE}.Release|Any CPU.Build.0 = Release|Any CPU
	EndGlobalSection
	GlobalSection(SolutionProperties) = preSolution
		HideSolutionNode = FALSE
	EndGlobalSection
	GlobalSection(ExtensibilityGlobals) = postSolution
		SolutionGuid = {D5CA7B9B-DE44-4B05-B759-84F6DC07E478}
	EndGlobalSection
EndGlobal
